
Microsoft Visual Studio Solution File, Format Version 12.00
# Visual Studio Version 16
VisualStudioVersion = 16.0.30804.86
MinimumVisualStudioVersion = 10.0.40219.1
Project("{9A19103F-16F7-4668-BE54-9A1E7A4F7556}") = "RESTStoreAPI", "RESTStoreAPI.csproj", "{C8839682-EFA4-4C2F-A868-0F3A8B6F6065}"
EndProject
Project("{FAE04EC0-301F-11D3-BF4B-00C04F79EFBC}") = "Tests", "..\Tests\Tests.csproj", "{FC201B0B-6C26-40D2-850D-486F7A971BB3}"
EndProject
Global
	GlobalSection(SolutionConfigurationPlatforms) = preSolution
		Debug|Any CPU = Debug|Any CPU
		Release|Any CPU = Release|Any CPU
	EndGlobalSection
	GlobalSection(ProjectConfigurationPlatforms) = postSolution
		{C8839682-EFA4-4C2F-A868-0F3A8B6F6065}.Debug|Any CPU.ActiveCfg = Debug|Any CPU
		{C8839682-EFA4-4C2F-A868-0F3A8B6F6065}.Debug|Any CPU.Build.0 = Debug|Any CPU
		{C8839682-EFA4-4C2F-A868-0F3A8B6F6065}.Release|Any CPU.ActiveCfg = Release|Any CPU
		{C8839682-EFA4-4C2F-A868-0F3A8B6F6065}.Release|Any CPU.Build.0 = Release|Any CPU
		{FC201B0B-6C26-40D2-850D-486F7A971BB3}.Debug|Any CPU.ActiveCfg = Debug|Any CPU
		{FC201B0B-6C26-40D2-850D-486F7A971BB3}.Debug|Any CPU.Build.0 = Debug|Any CPU
		{FC201B0B-6C26-40D2-850D-486F7A971BB3}.Release|Any CPU.ActiveCfg = Release|Any CPU
		{FC201B0B-6C26-40D2-850D-486F7A971BB3}.Release|Any CPU.Build.0 = Release|Any CPU
	EndGlobalSection
	GlobalSection(SolutionProperties) = preSolution
		HideSolutionNode = FALSE
	EndGlobalSection
	GlobalSection(ExtensibilityGlobals) = postSolution
		SolutionGuid = {B3B53C55-E1CD-4210-BA46-FD57961AA104}
	EndGlobalSection
EndGlobal
